
Microsoft Visual Studio Solution File, Format Version 12.00
# Visual Studio Version 17
VisualStudioVersion = 17.14.36518.9
MinimumVisualStudioVersion = 10.0.40219.1
Project("{2150E333-8FDC-42A3-9474-1A3956D46DE8}") = "Task0", "Task0", "{02EA681E-C7D8-13C7-8484-4AC65E1B71E8}"
EndProject
Project("{FAE04EC0-301F-11D3-BF4B-00C04F79EFBC}") = "Tyuiu.BerezovskiyAS.Sprint6.Task0.V4.Lib", "Tyuiu.BerezovskiyAS.Sprint6.Task0.V4.Lib\Tyuiu.BerezovskiyAS.Sprint6.Task0.V4.Lib.csproj", "{E8AAD634-FA24-48E6-96FD-37C54590B968}"
EndProject
Project("{FAE04EC0-301F-11D3-BF4B-00C04F79EFBC}") = "Tyuiu.BerezovskiyAS.Sprint6.Task0.V4.Test", "Tyuiu.BerezovskiyAS.Sprint6.Task0.V4.Test\Tyuiu.BerezovskiyAS.Sprint6.Task0.V4.Test.csproj", "{C99D7D82-E7C5-4667-B470-3DA074D9928B}"
EndProject
Project("{FAE04EC0-301F-11D3-BF4B-00C04F79EFBC}") = "Tyuiu.BerezovskiyAS.Sprint6.Task0.V4", "Tyuiu.BerezovskiyAS.Sprint6.Task0.V4\Tyuiu.BerezovskiyAS.Sprint6.Task0.V4.csproj", "{38C919B9-BA8C-4A63-8288-F6AE8E3BCF73}"
EndProject
Project("{2150E333-8FDC-42A3-9474-1A3956D46DE8}") = "Task1", "Task1", "{A3DB331F-4415-4545-8207-329457996697}"
EndProject
Project("{FAE04EC0-301F-11D3-BF4B-00C04F79EFBC}") = "Tyuiu.BerezovskiyAS.Sprint6.Task1.V7.Lib", "Tyuiu.BerezovskiyAS.Sprint6.Task1.V7.Lib\Tyuiu.BerezovskiyAS.Sprint6.Task1.V7.Lib.csproj", "{60B309AB-9418-47FC-8A08-BBCB3A448706}"
EndProject
Project("{FAE04EC0-301F-11D3-BF4B-00C04F79EFBC}") = "Tyuiu.BerezovskiyAS.Sprint6.Task1.V7.Test", "Tyuiu.BerezovskiyAS.Sprint6.Task1.V7.Test\Tyuiu.BerezovskiyAS.Sprint6.Task1.V7.Test.csproj", "{74CA64F7-9705-47ED-AD6C-08DD320B7641}"
EndProject
Project("{FAE04EC0-301F-11D3-BF4B-00C04F79EFBC}") = "Tyuiu.BerezovskiyAS.Sprint6.Task1.V7", "Tyuiu.BerezovskiyAS.Sprint6.Task1.V7\Tyuiu.BerezovskiyAS.Sprint6.Task1.V7.csproj", "{5265D8D0-81F0-4C5E-A2CF-3FDDADBFB8E6}"
EndProject
Project("{2150E333-8FDC-42A3-9474-1A3956D46DE8}") = "Task2", "Task2", "{61415C02-FE8F-48CF-BC64-CDAF9E9114F9}"
EndProject
Project("{FAE04EC0-301F-11D3-BF4B-00C04F79EFBC}") = "Tyuiu.BerezovskiyAS.Sprint6.Task2.V27.Lib", "Tyuiu.BerezovskiyAS.Sprint6.Task2.V27.Lib\Tyuiu.BerezovskiyAS.Sprint6.Task2.V27.Lib.csproj", "{94C04117-619D-4558-A07F-6916D5A75053}"
EndProject
Project("{FAE04EC0-301F-11D3-BF4B-00C04F79EFBC}") = "Tyuiu.BerezovskiyAS.Sprint6.Task2.V27.Test", "Tyuiu.BerezovskiyAS.Sprint6.Task2.V27.Test\Tyuiu.BerezovskiyAS.Sprint6.Task2.V27.Test.csproj", "{5E679B1D-ADB7-4583-AB23-EA87DBFE7BA0}"
EndProject
Project("{FAE04EC0-301F-11D3-BF4B-00C04F79EFBC}") = "Tyuiu.BerezovskiyAS.Sprint6.Task2.V27", "Tyuiu.BerezovskiyAS.Sprint6.Task2.V27\Tyuiu.BerezovskiyAS.Sprint6.Task2.V27.csproj", "{5FDA8695-6ADA-472C-B8CD-7678E670A1A5}"
EndProject
Project("{2150E333-8FDC-42A3-9474-1A3956D46DE8}") = "Task3", "Task3", "{72DF5A1B-9E18-490B-B87A-F946140B4CE5}"
EndProject
Project("{FAE04EC0-301F-11D3-BF4B-00C04F79EFBC}") = "Tyuiu.BerezovskiyAS.Sprint6.Task3.V16.Lib", "Tyuiu.BerezovskiyAS.Sprint6.Task3.V16.Lib\Tyuiu.BerezovskiyAS.Sprint6.Task3.V16.Lib.csproj", "{30D148AF-C1B9-4F4B-952F-3F6665BC7D04}"
EndProject
Project("{FAE04EC0-301F-11D3-BF4B-00C04F79EFBC}") = "Tyuiu.BerezovskiyAS.Sprint6.Task3.V16.Test", "Tyuiu.BerezovskiyAS.Sprint6.Task3.V16.Test\Tyuiu.BerezovskiyAS.Sprint6.Task3.V16.Test.csproj", "{9F21132D-8380-4B2F-B2E5-149B576FF739}"
EndProject
Project("{FAE04EC0-301F-11D3-BF4B-00C04F79EFBC}") = "Tyuiu.BerezovskiyAS.Sprint6.Task3.V16", "Tyuiu.BerezovskiyAS.Sprint6.Task3.V16\Tyuiu.BerezovskiyAS.Sprint6.Task3.V16.csproj", "{ACCD39B3-E548-403F-B145-0A8E8BDD20A7}"
EndProject
Project("{2150E333-8FDC-42A3-9474-1A3956D46DE8}") = "Task4", "Task4", "{7A421B0B-7F82-4514-96AA-24CDDD1FF688}"
EndProject
Project("{FAE04EC0-301F-11D3-BF4B-00C04F79EFBC}") = "Tyuiu.BerezovskiyAS.Sprint6.Task4.V25.Lib", "Tyuiu.BerezovskiyAS.Sprint6.Task4.V25.Lib\Tyuiu.BerezovskiyAS.Sprint6.Task4.V25.Lib.csproj", "{B3598A26-8FEC-437B-8DEB-E16C883E21BC}"
EndProject
Project("{FAE04EC0-301F-11D3-BF4B-00C04F79EFBC}") = "Tyuiu.BerezovskiyAS.Sprint6.Task4.V25.Test", "Tyuiu.BerezovskiyAS.Sprint6.Task4.V25.Test\Tyuiu.BerezovskiyAS.Sprint6.Task4.V25.Test.csproj", "{D2DB221F-574A-4D54-8A31-193150E91C51}"
EndProject
Project("{FAE04EC0-301F-11D3-BF4B-00C04F79EFBC}") = "Tyuiu.BerezovskiyAS.Sprint6.Task4.V25", "Tyuiu.BerezovskiyAS.Sprint6.Task4.V25\Tyuiu.BerezovskiyAS.Sprint6.Task4.V25.csproj", "{CD2359BA-A1A1-436A-A9FC-E42D3C621B0B}"
EndProject
Project("{2150E333-8FDC-42A3-9474-1A3956D46DE8}") = "Task5", "Task5", "{E941FB47-71C0-4757-B189-B96381E69D38}"
EndProject
Project("{FAE04EC0-301F-11D3-BF4B-00C04F79EFBC}") = "Tyuiu.BerezovskiyAS.Sprint6.Task5.V3.Lib", "Tyuiu.BerezovskiyAS.Sprint6.Task5.V3.Lib\Tyuiu.BerezovskiyAS.Sprint6.Task5.V3.Lib.csproj", "{D4D64F8D-E3BE-4F62-A0AE-DA2487388060}"
EndProject
Project("{FAE04EC0-301F-11D3-BF4B-00C04F79EFBC}") = "Tyuiu.BerezovskiyAS.Sprint6.Task5.V3.Test", "Tyuiu.BerezovskiyAS.Sprint6.Task5.V3.Test\Tyuiu.BerezovskiyAS.Sprint6.Task5.V3.Test.csproj", "{A0FACBE4-D519-4E08-A58E-A93F47E6B2BE}"
EndProject
Project("{FAE04EC0-301F-11D3-BF4B-00C04F79EFBC}") = "Tyuiu.BerezovskiyAS.Sprint6.Task5.V3", "Tyuiu.BerezovskiyAS.Sprint6.Task5.V3\Tyuiu.BerezovskiyAS.Sprint6.Task5.V3.csproj", "{E14361C2-7C09-4CF0-AD50-7EABB31FAFE9}"
EndProject
Project("{2150E333-8FDC-42A3-9474-1A3956D46DE8}") = "Task6", "Task6", "{6D1DB55F-426E-4394-89E9-E59958A86B46}"
EndProject
Project("{FAE04EC0-301F-11D3-BF4B-00C04F79EFBC}") = "Tyuiu.BerezovskiyAS.Sprint6.Task6.V8.Lib", "Tyuiu.BerezovskiyAS.Sprint6.Task6.V8.Lib\Tyuiu.BerezovskiyAS.Sprint6.Task6.V8.Lib.csproj", "{BCC37B5C-DB1F-4DD2-BDAC-CC88DCC13963}"
EndProject
Project("{FAE04EC0-301F-11D3-BF4B-00C04F79EFBC}") = "Tyuiu.BerezovskiyAS.Sprint6.Task6.V8.Test", "Tyuiu.BerezovskiyAS.Sprint6.Task6.V8.Test\Tyuiu.BerezovskiyAS.Sprint6.Task6.V8.Test.csproj", "{1473DC6A-D89C-4468-9654-A071035F1778}"
EndProject
Project("{FAE04EC0-301F-11D3-BF4B-00C04F79EFBC}") = "Tyuiu.BerezovskiyAS.Sprint6.Task6.V8", "Tyuiu.BerezovskiyAS.Sprint6.Task6.V8\Tyuiu.BerezovskiyAS.Sprint6.Task6.V8.csproj", "{94CC2A27-9F73-4491-87AA-B2B87BB9FCF4}"
EndProject
Project("{2150E333-8FDC-42A3-9474-1A3956D46DE8}") = "Task7", "Task7", "{32B52A97-6E0E-4DED-82A5-7E6E7F116F64}"
EndProject
Project("{FAE04EC0-301F-11D3-BF4B-00C04F79EFBC}") = "Tyuiu.BerezovskiyAS.Sprint6.Task7.V30.Lib", "Tyuiu.BerezovskiyAS.Sprint6.Task7.V30.Lib\Tyuiu.BerezovskiyAS.Sprint6.Task7.V30.Lib.csproj", "{AB287EA5-6A96-40C1-AA33-B3927FBE2747}"
EndProject
Project("{FAE04EC0-301F-11D3-BF4B-00C04F79EFBC}") = "Tyuiu.BerezovskiyAS.Sprint6.Task7.V30.Test", "Tyuiu.BerezovskiyAS.Sprint6.Task7.V30.Test\Tyuiu.BerezovskiyAS.Sprint6.Task7.V30.Test.csproj", "{468DB417-79FD-4FCC-9744-12B9E2A98A07}"
EndProject
Project("{FAE04EC0-301F-11D3-BF4B-00C04F79EFBC}") = "Tyuiu.BerezovskiyAS.Sprint6.Task7.V30", "Tyuiu.BerezovskiyAS.Sprint6.Task7.V30\Tyuiu.BerezovskiyAS.Sprint6.Task7.V30.csproj", "{01B62520-7BDB-40DA-BE8F-DDCD7DB0484D}"
EndProject
Global
	GlobalSection(SolutionConfigurationPlatforms) = preSolution
		Debug|Any CPU = Debug|Any CPU
		Release|Any CPU = Release|Any CPU
	EndGlobalSection
	GlobalSection(ProjectConfigurationPlatforms) = postSolution
		{E8AAD634-FA24-48E6-96FD-37C54590B968}.Debug|Any CPU.ActiveCfg = Debug|Any CPU
		{E8AAD634-FA24-48E6-96FD-37C54590B968}.Debug|Any CPU.Build.0 = Debug|Any CPU
		{E8AAD634-FA24-48E6-96FD-37C54590B968}.Release|Any CPU.ActiveCfg = Release|Any CPU
		{E8AAD634-FA24-48E6-96FD-37C54590B968}.Release|Any CPU.Build.0 = Release|Any CPU
		{C99D7D82-E7C5-4667-B470-3DA074D9928B}.Debug|Any CPU.ActiveCfg = Debug|Any CPU
		{C99D7D82-E7C5-4667-B470-3DA074D9928B}.Debug|Any CPU.Build.0 = Debug|Any CPU
		{C99D7D82-E7C5-4667-B470-3DA074D9928B}.Release|Any CPU.ActiveCfg = Release|Any CPU
		{C99D7D82-E7C5-4667-B470-3DA074D9928B}.Release|Any CPU.Build.0 = Release|Any CPU
		{38C919B9-BA8C-4A63-8288-F6AE8E3BCF73}.Debug|Any CPU.ActiveCfg = Debug|Any CPU
		{38C919B9-BA8C-4A63-8288-F6AE8E3BCF73}.Debug|Any CPU.Build.0 = Debug|Any CPU
		{38C919B9-BA8C-4A63-8288-F6AE8E3BCF73}.Release|Any CPU.ActiveCfg = Release|Any CPU
		{38C919B9-BA8C-4A63-8288-F6AE8E3BCF73}.Release|Any CPU.Build.0 = Release|Any CPU
		{60B309AB-9418-47FC-8A08-BBCB3A448706}.Debug|Any CPU.ActiveCfg = Debug|Any CPU
		{60B309AB-9418-47FC-8A08-BBCB3A448706}.Debug|Any CPU.Build.0 = Debug|Any CPU
		{60B309AB-9418-47FC-8A08-BBCB3A448706}.Release|Any CPU.ActiveCfg = Release|Any CPU
		{60B309AB-9418-47FC-8A08-BBCB3A448706}.Release|Any CPU.Build.0 = Release|Any CPU
		{74CA64F7-9705-47ED-AD6C-08DD320B7641}.Debug|Any CPU.ActiveCfg = Debug|Any CPU
		{74CA64F7-9705-47ED-AD6C-08DD320B7641}.Debug|Any CPU.Build.0 = Debug|Any CPU
		{74CA64F7-9705-47ED-AD6C-08DD320B7641}.Release|Any CPU.ActiveCfg = Release|Any CPU
		{74CA64F7-9705-47ED-AD6C-08DD320B7641}.Release|Any CPU.Build.0 = Release|Any CPU
		{5265D8D0-81F0-4C5E-A2CF-3FDDADBFB8E6}.Debug|Any CPU.ActiveCfg = Debug|Any CPU
		{5265D8D0-81F0-4C5E-A2CF-3FDDADBFB8E6}.Debug|Any CPU.Build.0 = Debug|Any CPU
		{5265D8D0-81F0-4C5E-A2CF-3FDDADBFB8E6}.Release|Any CPU.ActiveCfg = Release|Any CPU
		{5265D8D0-81F0-4C5E-A2CF-3FDDADBFB8E6}.Release|Any CPU.Build.0 = Release|Any CPU
		{94C04117-619D-4558-A07F-6916D5A75053}.Debug|Any CPU.ActiveCfg = Debug|Any CPU
		{94C04117-619D-4558-A07F-6916D5A75053}.Debug|Any CPU.Build.0 = Debug|Any CPU
		{94C04117-619D-4558-A07F-6916D5A75053}.Release|Any CPU.ActiveCfg = Release|Any CPU
		{94C04117-619D-4558-A07F-6916D5A75053}.Release|Any CPU.Build.0 = Release|Any CPU
		{5E679B1D-ADB7-4583-AB23-EA87DBFE7BA0}.Debug|Any CPU.ActiveCfg = Debug|Any CPU
		{5E679B1D-ADB7-4583-AB23-EA87DBFE7BA0}.Debug|Any CPU.Build.0 = Debug|Any CPU
		{5E679B1D-ADB7-4583-AB23-EA87DBFE7BA0}.Release|Any CPU.ActiveCfg = Release|Any CPU
		{5E679B1D-ADB7-4583-AB23-EA87DBFE7BA0}.Release|Any CPU.Build.0 = Release|Any CPU
		{5FDA8695-6ADA-472C-B8CD-7678E670A1A5}.Debug|Any CPU.ActiveCfg = Debug|Any CPU
		{5FDA8695-6ADA-472C-B8CD-7678E670A1A5}.Debug|Any CPU.Build.0 = Debug|Any CPU
		{5FDA8695-6ADA-472C-B8CD-7678E670A1A5}.Release|Any CPU.ActiveCfg = Release|Any CPU
		{5FDA8695-6ADA-472C-B8CD-7678E670A1A5}.Release|Any CPU.Build.0 = Release|Any CPU
		{30D148AF-C1B9-4F4B-952F-3F6665BC7D04}.Debug|Any CPU.ActiveCfg = Debug|Any CPU
		{30D148AF-C1B9-4F4B-952F-3F6665BC7D04}.Debug|Any CPU.Build.0 = Debug|Any CPU
		{30D148AF-C1B9-4F4B-952F-3F6665BC7D04}.Release|Any CPU.ActiveCfg = Release|Any CPU
		{30D148AF-C1B9-4F4B-952F-3F6665BC7D04}.Release|Any CPU.Build.0 = Release|Any CPU
		{9F21132D-8380-4B2F-B2E5-149B576FF739}.Debug|Any CPU.ActiveCfg = Debug|Any CPU
		{9F21132D-8380-4B2F-B2E5-149B576FF739}.Debug|Any CPU.Build.0 = Debug|Any CPU
		{9F21132D-8380-4B2F-B2E5-149B576FF739}.Release|Any CPU.ActiveCfg = Release|Any CPU
		{9F21132D-8380-4B2F-B2E5-149B576FF739}.Release|Any CPU.Build.0 = Release|Any CPU
		{ACCD39B3-E548-403F-B145-0A8E8BDD20A7}.Debug|Any CPU.ActiveCfg = Debug|Any CPU
		{ACCD39B3-E548-403F-B145-0A8E8BDD20A7}.Debug|Any CPU.Build.0 = Debug|Any CPU
		{ACCD39B3-E548-403F-B145-0A8E8BDD20A7}.Release|Any CPU.ActiveCfg = Release|Any CPU
		{ACCD39B3-E548-403F-B145-0A8E8BDD20A7}.Release|Any CPU.Build.0 = Release|Any CPU
		{B3598A26-8FEC-437B-8DEB-E16C883E21BC}.Debug|Any CPU.ActiveCfg = Debug|Any CPU
		{B3598A26-8FEC-437B-8DEB-E16C883E21BC}.Debug|Any CPU.Build.0 = Debug|Any CPU
		{B3598A26-8FEC-437B-8DEB-E16C883E21BC}.Release|Any CPU.ActiveCfg = Release|Any CPU
		{B3598A26-8FEC-437B-8DEB-E16C883E21BC}.Release|Any CPU.Build.0 = Release|Any CPU
		{D2DB221F-574A-4D54-8A31-193150E91C51}.Debug|Any CPU.ActiveCfg = Debug|Any CPU
		{D2DB221F-574A-4D54-8A31-193150E91C51}.Debug|Any CPU.Build.0 = Debug|Any CPU
		{D2DB221F-574A-4D54-8A31-193150E91C51}.Release|Any CPU.ActiveCfg = Release|Any CPU
		{D2DB221F-574A-4D54-8A31-193150E91C51}.Release|Any CPU.Build.0 = Release|Any CPU
		{CD2359BA-A1A1-436A-A9FC-E42D3C621B0B}.Debug|Any CPU.ActiveCfg = Debug|Any CPU
		{CD2359BA-A1A1-436A-A9FC-E42D3C621B0B}.Debug|Any CPU.Build.0 = Debug|Any CPU
		{CD2359BA-A1A1-436A-A9FC-E42D3C621B0B}.Release|Any CPU.ActiveCfg = Release|Any CPU
		{CD2359BA-A1A1-436A-A9FC-E42D3C621B0B}.Release|Any CPU.Build.0 = Release|Any CPU
		{D4D64F8D-E3BE-4F62-A0AE-DA2487388060}.Debug|Any CPU.ActiveCfg = Debug|Any CPU
		{D4D64F8D-E3BE-4F62-A0AE-DA2487388060}.Debug|Any CPU.Build.0 = Debug|Any CPU
		{D4D64F8D-E3BE-4F62-A0AE-DA2487388060}.Release|Any CPU.ActiveCfg = Release|Any CPU
		{D4D64F8D-E3BE-4F62-A0AE-DA2487388060}.Release|Any CPU.Build.0 = Release|Any CPU
		{A0FACBE4-D519-4E08-A58E-A93F47E6B2BE}.Debug|Any CPU.ActiveCfg = Debug|Any CPU
		{A0FACBE4-D519-4E08-A58E-A93F47E6B2BE}.Debug|Any CPU.Build.0 = Debug|Any CPU
		{A0FACBE4-D519-4E08-A58E-A93F47E6B2BE}.Release|Any CPU.ActiveCfg = Release|Any CPU
		{A0FACBE4-D519-4E08-A58E-A93F47E6B2BE}.Release|Any CPU.Build.0 = Release|Any CPU
		{E14361C2-7C09-4CF0-AD50-7EABB31FAFE9}.Debug|Any CPU.ActiveCfg = Debug|Any CPU
		{E14361C2-7C09-4CF0-AD50-7EABB31FAFE9}.Debug|Any CPU.Build.0 = Debug|Any CPU
		{E14361C2-7C09-4CF0-AD50-7EABB31FAFE9}.Release|Any CPU.ActiveCfg = Release|Any CPU
		{E14361C2-7C09-4CF0-AD50-7EABB31FAFE9}.Release|Any CPU.Build.0 = Release|Any CPU
		{BCC37B5C-DB1F-4DD2-BDAC-CC88DCC13963}.Debug|Any CPU.ActiveCfg = Debug|Any CPU
		{BCC37B5C-DB1F-4DD2-BDAC-CC88DCC13963}.Debug|Any CPU.Build.0 = Debug|Any CPU
		{BCC37B5C-DB1F-4DD2-BDAC-CC88DCC13963}.Release|Any CPU.ActiveCfg = Release|Any CPU
		{BCC37B5C-DB1F-4DD2-BDAC-CC88DCC13963}.Release|Any CPU.Build.0 = Release|Any CPU
		{1473DC6A-D89C-4468-9654-A071035F1778}.Debug|Any CPU.ActiveCfg = Debug|Any CPU
		{1473DC6A-D89C-4468-9654-A071035F1778}.Debug|Any CPU.Build.0 = Debug|Any CPU
		{1473DC6A-D89C-4468-9654-A071035F1778}.Release|Any CPU.ActiveCfg = Release|Any CPU
		{1473DC6A-D89C-4468-9654-A071035F1778}.Release|Any CPU.Build.0 = Release|Any CPU
		{94CC2A27-9F73-4491-87AA-B2B87BB9FCF4}.Debug|Any CPU.ActiveCfg = Debug|Any CPU
		{94CC2A27-9F73-4491-87AA-B2B87BB9FCF4}.Debug|Any CPU.Build.0 = Debug|Any CPU
		{94CC2A27-9F73-4491-87AA-B2B87BB9FCF4}.Release|Any CPU.ActiveCfg = Release|Any CPU
		{94CC2A27-9F73-4491-87AA-B2B87BB9FCF4}.Release|Any CPU.Build.0 = Release|Any CPU
		{AB287EA5-6A96-40C1-AA33-B3927FBE2747}.Debug|Any CPU.ActiveCfg = Debug|Any CPU
		{AB287EA5-6A96-40C1-AA33-B3927FBE2747}.Debug|Any CPU.Build.0 = Debug|Any CPU
		{AB287EA5-6A96-40C1-AA33-B3927FBE2747}.Release|Any CPU.ActiveCfg = Release|Any CPU
		{AB287EA5-6A96-40C1-AA33-B3927FBE2747}.Release|Any CPU.Build.0 = Release|Any CPU
		{468DB417-79FD-4FCC-9744-12B9E2A98A07}.Debug|Any CPU.ActiveCfg = Debug|Any CPU
		{468DB417-79FD-4FCC-9744-12B9E2A98A07}.Debug|Any CPU.Build.0 = Debug|Any CPU
		{468DB417-79FD-4FCC-9744-12B9E2A98A07}.Release|Any CPU.ActiveCfg = Release|Any CPU
		{468DB417-79FD-4FCC-9744-12B9E2A98A07}.Release|Any CPU.Build.0 = Release|Any CPU
		{01B62520-7BDB-40DA-BE8F-DDCD7DB0484D}.Debug|Any CPU.ActiveCfg = Debug|Any CPU
		{01B62520-7BDB-40DA-BE8F-DDCD7DB0484D}.Debug|Any CPU.Build.0 = Debug|Any CPU
		{01B62520-7BDB-40DA-BE8F-DDCD7DB0484D}.Release|Any CPU.ActiveCfg = Release|Any CPU
		{01B62520-7BDB-40DA-BE8F-DDCD7DB0484D}.Release|Any CPU.Build.0 = Release|Any CPU
	EndGlobalSection
	GlobalSection(SolutionProperties) = preSolution
		HideSolutionNode = FALSE
	EndGlobalSection
	GlobalSection(NestedProjects) = preSolution
		{E8AAD634-FA24-48E6-96FD-37C54590B968} = {02EA681E-C7D8-13C7-8484-4AC65E1B71E8}
		{C99D7D82-E7C5-4667-B470-3DA074D9928B} = {02EA681E-C7D8-13C7-8484-4AC65E1B71E8}
		{38C919B9-BA8C-4A63-8288-F6AE8E3BCF73} = {02EA681E-C7D8-13C7-8484-4AC65E1B71E8}
		{60B309AB-9418-47FC-8A08-BBCB3A448706} = {A3DB331F-4415-4545-8207-329457996697}
		{74CA64F7-9705-47ED-AD6C-08DD320B7641} = {A3DB331F-4415-4545-8207-329457996697}
		{5265D8D0-81F0-4C5E-A2CF-3FDDADBFB8E6} = {A3DB331F-4415-4545-8207-329457996697}
		{94C04117-619D-4558-A07F-6916D5A75053} = {61415C02-FE8F-48CF-BC64-CDAF9E9114F9}
		{5E679B1D-ADB7-4583-AB23-EA87DBFE7BA0} = {61415C02-FE8F-48CF-BC64-CDAF9E9114F9}
		{5FDA8695-6ADA-472C-B8CD-7678E670A1A5} = {61415C02-FE8F-48CF-BC64-CDAF9E9114F9}
		{30D148AF-C1B9-4F4B-952F-3F6665BC7D04} = {72DF5A1B-9E18-490B-B87A-F946140B4CE5}
		{9F21132D-8380-4B2F-B2E5-149B576FF739} = {72DF5A1B-9E18-490B-B87A-F946140B4CE5}
		{ACCD39B3-E548-403F-B145-0A8E8BDD20A7} = {72DF5A1B-9E18-490B-B87A-F946140B4CE5}
		{B3598A26-8FEC-437B-8DEB-E16C883E21BC} = {7A421B0B-7F82-4514-96AA-24CDDD1FF688}
		{D2DB221F-574A-4D54-8A31-193150E91C51} = {7A421B0B-7F82-4514-96AA-24CDDD1FF688}
		{CD2359BA-A1A1-436A-A9FC-E42D3C621B0B} = {7A421B0B-7F82-4514-96AA-24CDDD1FF688}
		{D4D64F8D-E3BE-4F62-A0AE-DA2487388060} = {E941FB47-71C0-4757-B189-B96381E69D38}
		{A0FACBE4-D519-4E08-A58E-A93F47E6B2BE} = {E941FB47-71C0-4757-B189-B96381E69D38}
		{E14361C2-7C09-4CF0-AD50-7EABB31FAFE9} = {E941FB47-71C0-4757-B189-B96381E69D38}
		{BCC37B5C-DB1F-4DD2-BDAC-CC88DCC13963} = {6D1DB55F-426E-4394-89E9-E59958A86B46}
		{1473DC6A-D89C-4468-9654-A071035F1778} = {6D1DB55F-426E-4394-89E9-E59958A86B46}
		{94CC2A27-9F73-4491-87AA-B2B87BB9FCF4} = {6D1DB55F-426E-4394-89E9-E59958A86B46}
		{AB287EA5-6A96-40C1-AA33-B3927FBE2747} = {32B52A97-6E0E-4DED-82A5-7E6E7F116F64}
		{468DB417-79FD-4FCC-9744-12B9E2A98A07} = {32B52A97-6E0E-4DED-82A5-7E6E7F116F64}
		{01B62520-7BDB-40DA-BE8F-DDCD7DB0484D} = {32B52A97-6E0E-4DED-82A5-7E6E7F116F64}
	EndGlobalSection
	GlobalSection(ExtensibilityGlobals) = postSolution
		SolutionGuid = {66D3F9ED-C96B-4B0A-ADCC-D1452BEC4719}
	EndGlobalSection
EndGlobal
